
Microsoft Visual Studio Solution File, Format Version 12.00
# Visual Studio Version 17
VisualStudioVersion = 17.2.32519.379
MinimumVisualStudioVersion = 10.0.40219.1
Project("{FAE04EC0-301F-11D3-BF4B-00C04F79EFBC}") = "APICatalogo", "APICatalogo\APICatalogo.csproj", "{D609152D-2D69-41C5-AEC3-1A24979350C8}"
EndProject
Global
	GlobalSection(SolutionConfigurationPlatforms) = preSolution
		Debug|Any CPU = Debug|Any CPU
		Release|Any CPU = Release|Any CPU
	EndGlobalSection
	GlobalSection(ProjectConfigurationPlatforms) = postSolution
		{D609152D-2D69-41C5-AEC3-1A24979350C8}.Debug|Any CPU.ActiveCfg = Debug|Any CPU
		{D609152D-2D69-41C5-AEC3-1A24979350C8}.Debug|Any CPU.Build.0 = Debug|Any CPU
		{D609152D-2D69-41C5-AEC3-1A24979350C8}.Release|Any CPU.ActiveCfg = Release|Any CPU
		{D609152D-2D69-41C5-AEC3-1A24979350C8}.Release|Any CPU.Build.0 = Release|Any CPU
	EndGlobalSection
	GlobalSection(SolutionProperties) = preSolution
		HideSolutionNode = FALSE
	EndGlobalSection
	GlobalSection(ExtensibilityGlobals) = postSolution
		SolutionGuid = {EFB29B62-A3A0-45D2-B530-10EFFEA1E9B0}
	EndGlobalSection
EndGlobal
